
Microsoft Visual Studio Solution File, Format Version 12.00
# Visual Studio 14
VisualStudioVersion = 14.0.23107.0
MinimumVisualStudioVersion = 10.0.40219.1
Project("{FAE04EC0-301F-11D3-BF4B-00C04F79EFBC}") = "WebGames", "Bananagrams2\WebGames.csproj", "{0EACDA0C-7504-446F-9E68-FCBDBEC6A8F0}"
EndProject
Project("{2150E333-8FDC-42A3-9474-1A3956D46DE8}") = "PublishScripts", "PublishScripts", "{00ACD24D-0A22-425E-9AEF-CD57280F1663}"
	ProjectSection(SolutionItems) = preProject
		PublishScripts\AzureWebsitePublishModule.psm1 = PublishScripts\AzureWebsitePublishModule.psm1
		PublishScripts\Publish-WebApplicationWebsite.ps1 = PublishScripts\Publish-WebApplicationWebsite.ps1
	EndProjectSection
EndProject
Project("{2150E333-8FDC-42A3-9474-1A3956D46DE8}") = "Configurations", "Configurations", "{99E050EE-DB0D-45BC-A89B-8EF46F56198F}"
	ProjectSection(SolutionItems) = preProject
		PublishScripts\Configurations\Bananagrams2-WAWS-dev.json = PublishScripts\Configurations\Bananagrams2-WAWS-dev.json
	EndProjectSection
EndProject
Global
	GlobalSection(SolutionConfigurationPlatforms) = preSolution
		Debug|Any CPU = Debug|Any CPU
		Release|Any CPU = Release|Any CPU
	EndGlobalSection
	GlobalSection(ProjectConfigurationPlatforms) = postSolution
		{0EACDA0C-7504-446F-9E68-FCBDBEC6A8F0}.Debug|Any CPU.ActiveCfg = Debug|Any CPU
		{0EACDA0C-7504-446F-9E68-FCBDBEC6A8F0}.Debug|Any CPU.Build.0 = Debug|Any CPU
		{0EACDA0C-7504-446F-9E68-FCBDBEC6A8F0}.Release|Any CPU.ActiveCfg = Release|Any CPU
		{0EACDA0C-7504-446F-9E68-FCBDBEC6A8F0}.Release|Any CPU.Build.0 = Release|Any CPU
	EndGlobalSection
	GlobalSection(SolutionProperties) = preSolution
		HideSolutionNode = FALSE
	EndGlobalSection
	GlobalSection(NestedProjects) = preSolution
		{99E050EE-DB0D-45BC-A89B-8EF46F56198F} = {00ACD24D-0A22-425E-9AEF-CD57280F1663}
	EndGlobalSection
EndGlobal
